
Microsoft Visual Studio Solution File, Format Version 12.00
# Visual Studio Version 16
VisualStudioVersion = 16.0.30717.126
MinimumVisualStudioVersion = 10.0.40219.1
Project("{9092AA53-FB77-4645-B42D-1CCCA6BD08BD}") = "ExpressAppLinux", "ExpressAppLinux\ExpressAppLinux.njsproj", "{3DB83607-13E0-4B4E-9617-301DBB37D44B}"
EndProject
Global
	GlobalSection(SolutionConfigurationPlatforms) = preSolution
		Debug|Any CPU = Debug|Any CPU
		Release|Any CPU = Release|Any CPU
	EndGlobalSection
	GlobalSection(ProjectConfigurationPlatforms) = postSolution
		{3DB83607-13E0-4B4E-9617-301DBB37D44B}.Debug|Any CPU.ActiveCfg = Debug|Any CPU
		{3DB83607-13E0-4B4E-9617-301DBB37D44B}.Debug|Any CPU.Build.0 = Debug|Any CPU
		{3DB83607-13E0-4B4E-9617-301DBB37D44B}.Release|Any CPU.ActiveCfg = Release|Any CPU
		{3DB83607-13E0-4B4E-9617-301DBB37D44B}.Release|Any CPU.Build.0 = Release|Any CPU
	EndGlobalSection
	GlobalSection(SolutionProperties) = preSolution
		HideSolutionNode = FALSE
	EndGlobalSection
	GlobalSection(ExtensibilityGlobals) = postSolution
		SolutionGuid = {E7396FCC-DB72-4A43-BF00-80386F357F5B}
	EndGlobalSection
EndGlobal
